{
    "version": 3,
    "terraform_version": "0.11.7",
    "serial": 14,
    "lineage": "7ddeb8c4-7dea-70dd-a328-90baee3609da",
    "modules": [
        {
            "path": [
                "root"
            ],
            "outputs": {},
            "resources": {
                "aws_ami_from_instance.wp_golden": {
                    "type": "aws_ami_from_instance",
                    "depends_on": [
                        "aws_instance.wp_dev",
                        "aws_s3_bucket.code",
                        "random_id.golden_ami"
                    ],
                    "primary": {
                        "id": "ami-0d419cf048a5af944",
                        "attributes": {
                            "architecture": "x86_64",
                            "description": "",
                            "ebs_block_device.#": "1",
                            "ebs_block_device.3476885294.delete_on_termination": "true",
                            "ebs_block_device.3476885294.device_name": "/dev/xvda",
                            "ebs_block_device.3476885294.encrypted": "false",
                            "ebs_block_device.3476885294.iops": "0",
                            "ebs_block_device.3476885294.snapshot_id": "snap-0522808e47fdbf9ec",
                            "ebs_block_device.3476885294.volume_size": "8",
                            "ebs_block_device.3476885294.volume_type": "gp2",
                            "ephemeral_block_device.#": "0",
                            "id": "ami-0d419cf048a5af944",
                            "image_location": "126211257110/wp_ami-Ps1b-Ebs3WA",
                            "kernel_id": "",
                            "manage_ebs_snapshots": "true",
                            "name": "wp_ami-Ps1b-Ebs3WA",
                            "ramdisk_id": "",
                            "root_device_name": "/dev/xvda",
                            "root_snapshot_id": "snap-0522808e47fdbf9ec",
                            "source_instance_id": "i-049ba23bbd7935c64",
                            "sriov_net_support": "simple",
                            "tags.%": "0",
                            "virtualization_type": "hvm"
                        },
                        "meta": {
                            "e2bfb730-ecaa-11e6-8f88-34363bc7c4c0": {
                                "create": 2400000000000,
                                "delete": 5400000000000,
                                "update": 2400000000000
                            }
                        },
                        "tainted": false
                    },
                    "deposed": [],
                    "provider": "provider.aws"
                },
                "aws_autoscaling_group.wp_asg": {
                    "type": "aws_autoscaling_group",
                    "depends_on": [
                        "aws_elb.wp_elb",
                        "aws_launch_configuration.wp_lc",
                        "aws_subnet.wp_private1_subnet",
                        "aws_subnet.wp_private2_subnet"
                    ],
                    "primary": {
                        "id": "asg-wp_lc-20180718194926936800000004",
                        "attributes": {
                            "arn": "arn:aws:autoscaling:us-east-1:126211257110:autoScalingGroup:984db34f-1497-49bf-84ef-581d466bd912:autoScalingGroupName/asg-wp_lc-20180718194926936800000004",
                            "availability_zones.#": "2",
                            "availability_zones.1305112097": "us-east-1b",
                            "availability_zones.3569565595": "us-east-1a",
                            "default_cooldown": "300",
                            "desired_capacity": "2",
                            "enabled_metrics.#": "0",
                            "force_delete": "true",
                            "health_check_grace_period": "300",
                            "health_check_type": "EC2",
                            "id": "asg-wp_lc-20180718194926936800000004",
                            "launch_configuration": "wp_lc-20180718194926936800000004",
                            "launch_template.#": "0",
                            "load_balancers.#": "1",
                            "load_balancers.2550035953": "cloudcicd-elb",
                            "max_size": "2",
                            "metrics_granularity": "1Minute",
                            "min_size": "1",
                            "name": "asg-wp_lc-20180718194926936800000004",
                            "placement_group": "",
                            "protect_from_scale_in": "false",
                            "service_linked_role_arn": "arn:aws:iam::126211257110:role/aws-service-role/autoscaling.amazonaws.com/AWSServiceRoleForAutoScaling",
                            "suspended_processes.#": "0",
                            "tag.#": "1",
                            "tag.673706737.key": "Name",
                            "tag.673706737.propagate_at_launch": "true",
                            "tag.673706737.value": "wp_asg-instance",
                            "target_group_arns.#": "0",
                            "termination_policies.#": "0",
                            "vpc_zone_identifier.#": "2",
                            "vpc_zone_identifier.2062135474": "subnet-065b7203e1be8e1ab",
                            "vpc_zone_identifier.419186734": "subnet-0c4fd0ae0da27eac9",
                            "wait_for_capacity_timeout": "10m"
                        },
                        "meta": {
                            "e2bfb730-ecaa-11e6-8f88-34363bc7c4c0": {
                                "delete": 600000000000
                            }
                        },
                        "tainted": false
                    },
                    "deposed": [],
                    "provider": "provider.aws"
                },
                "aws_db_instance.wp_db": {
                    "type": "aws_db_instance",
                    "depends_on": [
                        "aws_db_subnet_group.wp_rds_subnetgroup",
                        "aws_security_group.wp_rds_sg"
                    ],
                    "primary": {
                        "id": "terraform-20180718194304235000000003",
                        "attributes": {
                            "address": "terraform-20180718194304235000000003.ccog9dntthgl.us-east-1.rds.amazonaws.com",
                            "allocated_storage": "10",
                            "arn": "arn:aws:rds:us-east-1:126211257110:db:terraform-20180718194304235000000003",
                            "auto_minor_version_upgrade": "true",
                            "availability_zone": "us-east-1c",
                            "backup_retention_period": "0",
                            "backup_window": "05:55-06:25",
                            "ca_cert_identifier": "rds-ca-2015",
                            "copy_tags_to_snapshot": "false",
                            "db_subnet_group_name": "wp_rds_subnetgroup",
                            "enabled_cloudwatch_logs_exports.#": "0",
                            "endpoint": "terraform-20180718194304235000000003.ccog9dntthgl.us-east-1.rds.amazonaws.com:3306",
                            "engine": "mysql",
                            "engine_version": "5.6.27",
                            "hosted_zone_id": "Z2R2ITUGPM61AM",
                            "iam_database_authentication_enabled": "false",
                            "id": "terraform-20180718194304235000000003",
                            "identifier": "terraform-20180718194304235000000003",
                            "instance_class": "db.t2.micro",
                            "iops": "0",
                            "kms_key_id": "",
                            "license_model": "general-public-license",
                            "maintenance_window": "wed:10:08-wed:10:38",
                            "monitoring_interval": "0",
                            "multi_az": "false",
                            "name": "kkummaridb",
                            "option_group_name": "default:mysql-5-6",
                            "parameter_group_name": "default.mysql5.6",
                            "password": "kkummaripass",
                            "port": "3306",
                            "publicly_accessible": "false",
                            "replicas.#": "0",
                            "replicate_source_db": "",
                            "resource_id": "db-UXYX5LETVKDKUUQOMGUBOXU7RQ",
                            "security_group_names.#": "0",
                            "skip_final_snapshot": "true",
                            "status": "available",
                            "storage_encrypted": "false",
                            "storage_type": "standard",
                            "tags.%": "0",
                            "timezone": "",
                            "username": "kkummari",
                            "vpc_security_group_ids.#": "1",
                            "vpc_security_group_ids.56370852": "sg-0e30725b457141aac"
                        },
                        "meta": {
                            "e2bfb730-ecaa-11e6-8f88-34363bc7c4c0": {
                                "create": 2400000000000,
                                "delete": 2400000000000,
                                "update": 4800000000000
                            }
                        },
                        "tainted": false
                    },
                    "deposed": [],
                    "provider": "provider.aws"
                },
                "aws_db_subnet_group.wp_rds_subnetgroup": {
                    "type": "aws_db_subnet_group",
                    "depends_on": [
                        "aws_subnet.wp_rds1_subnet",
                        "aws_subnet.wp_rds2_subnet",
                        "aws_subnet.wp_rds3_subnet"
                    ],
                    "primary": {
                        "id": "wp_rds_subnetgroup",
                        "attributes": {
                            "arn": "arn:aws:rds:us-east-1:126211257110:subgrp:wp_rds_subnetgroup",
                            "description": "Managed by Terraform",
                            "id": "wp_rds_subnetgroup",
                            "name": "wp_rds_subnetgroup",
                            "subnet_ids.#": "3",
                            "subnet_ids.1105128182": "subnet-0b7651eca55e62e46",
                            "subnet_ids.161553785": "subnet-0fcbf626a32fe2c0e",
                            "subnet_ids.2179064724": "subnet-0978a31f0816718a1",
                            "tags.%": "1",
                            "tags.Name": "wp_rds_sng"
                        },
                        "meta": {},
                        "tainted": false
                    },
                    "deposed": [],
                    "provider": "provider.aws"
                },
                "aws_default_route_table.wp_private_rt": {
                    "type": "aws_default_route_table",
                    "depends_on": [
                        "aws_vpc.wp_vpc"
                    ],
                    "primary": {
                        "id": "rtb-0e2fc540812bc2176",
                        "attributes": {
                            "default_route_table_id": "rtb-0e2fc540812bc2176",
                            "id": "rtb-0e2fc540812bc2176",
                            "propagating_vgws.#": "0",
                            "route.#": "0",
                            "tags.%": "1",
                            "tags.Name": "wp_private",
                            "vpc_id": "vpc-08582e8f0b97c8138"
                        },
                        "meta": {},
                        "tainted": false
                    },
                    "deposed": [],
                    "provider": "provider.aws"
                },
                "aws_elb.wp_elb": {
                    "type": "aws_elb",
                    "depends_on": [
                        "aws_security_group.wp_public_sg",
                        "aws_subnet.wp_public1_subnet",
                        "aws_subnet.wp_public2_subnet"
                    ],
                    "primary": {
                        "id": "cloudcicd-elb",
                        "attributes": {
                            "access_logs.#": "0",
                            "arn": "arn:aws:elasticloadbalancing:us-east-1:126211257110:loadbalancer/cloudcicd-elb",
                            "availability_zones.#": "2",
                            "availability_zones.1305112097": "us-east-1b",
                            "availability_zones.3569565595": "us-east-1a",
                            "connection_draining": "true",
                            "connection_draining_timeout": "400",
                            "cross_zone_load_balancing": "true",
                            "dns_name": "cloudcicd-elb-155076144.us-east-1.elb.amazonaws.com",
                            "health_check.#": "1",
                            "health_check.0.healthy_threshold": "2",
                            "health_check.0.interval": "30",
                            "health_check.0.target": "TCP:80",
                            "health_check.0.timeout": "3",
                            "health_check.0.unhealthy_threshold": "2",
                            "id": "cloudcicd-elb",
                            "idle_timeout": "400",
                            "instances.#": "0",
                            "internal": "false",
                            "listener.#": "1",
                            "listener.3057123346.instance_port": "80",
                            "listener.3057123346.instance_protocol": "http",
                            "listener.3057123346.lb_port": "80",
                            "listener.3057123346.lb_protocol": "http",
                            "listener.3057123346.ssl_certificate_id": "",
                            "name": "cloudcicd-elb",
                            "security_groups.#": "1",
                            "security_groups.3688394918": "sg-050aad8a4878fccdc",
                            "source_security_group": "126211257110/wp_public_sg",
                            "source_security_group_id": "sg-050aad8a4878fccdc",
                            "subnets.#": "2",
                            "subnets.149964932": "subnet-000331c6b258763a9",
                            "subnets.2996661350": "subnet-00eb8d649a029a50a",
                            "tags.%": "1",
                            "tags.Name": "wp_cloudcicd-elb",
                            "zone_id": "Z35SXDOTRQ7X7K"
                        },
                        "meta": {},
                        "tainted": false
                    },
                    "deposed": [],
                    "provider": "provider.aws"
                },
                "aws_iam_instance_profile.s3_access_profile": {
                    "type": "aws_iam_instance_profile",
                    "depends_on": [
                        "aws_iam_role.s3_access_role"
                    ],
                    "primary": {
                        "id": "s3_access",
                        "attributes": {
                            "arn": "arn:aws:iam::126211257110:instance-profile/s3_access",
                            "create_date": "2018-07-18T19:42:59Z",
                            "id": "s3_access",
                            "name": "s3_access",
                            "path": "/",
                            "role": "s3_access_role",
                            "roles.#": "0",
                            "unique_id": "AIPAIXAVAWQNSP76Y35BC"
                        },
                        "meta": {},
                        "tainted": false
                    },
                    "deposed": [],
                    "provider": "provider.aws"
                },
                "aws_iam_role.s3_access_role": {
                    "type": "aws_iam_role",
                    "depends_on": [],
                    "primary": {
                        "id": "s3_access_role",
                        "attributes": {
                            "arn": "arn:aws:iam::126211257110:role/s3_access_role",
                            "assume_role_policy": "{\"Version\":\"2012-10-17\",\"Statement\":[{\"Sid\":\"\",\"Effect\":\"Allow\",\"Principal\":{\"Service\":\"ec2.amazonaws.com\"},\"Action\":\"sts:AssumeRole\"}]}",
                            "create_date": "2018-07-18T19:42:59Z",
                            "force_detach_policies": "false",
                            "id": "s3_access_role",
                            "max_session_duration": "3600",
                            "name": "s3_access_role",
                            "path": "/",
                            "unique_id": "AROAIUOLKCJY7UTHL7QGW"
                        },
                        "meta": {},
                        "tainted": false
                    },
                    "deposed": [],
                    "provider": "provider.aws"
                },
                "aws_iam_role_policy.s3_access_policy": {
                    "type": "aws_iam_role_policy",
                    "depends_on": [
                        "aws_iam_role.s3_access_role"
                    ],
                    "primary": {
                        "id": "s3_access_role:s3_access_policy",
                        "attributes": {
                            "id": "s3_access_role:s3_access_policy",
                            "name": "s3_access_policy",
                            "policy": "{\n  \"Version\": \"2012-10-17\",\n  \"Statement\": [\n    {\n      \"Effect\": \"Allow\",\n      \"Action\": \"s3:*\",\n      \"Resource\": \"*\"\n    }\n  ]\n}\n",
                            "role": "s3_access_role"
                        },
                        "meta": {},
                        "tainted": false
                    },
                    "deposed": [],
                    "provider": "provider.aws"
                },
                "aws_instance.wp_dev": {
                    "type": "aws_instance",
                    "depends_on": [
                        "aws_iam_instance_profile.s3_access_profile",
                        "aws_key_pair.wp_auth",
                        "aws_s3_bucket.code",
                        "aws_security_group.wp_dev_sg",
                        "aws_subnet.wp_public1_subnet"
                    ],
                    "primary": {
                        "id": "i-049ba23bbd7935c64",
                        "attributes": {
                            "ami": "ami-cfe4b2b0",
                            "associate_public_ip_address": "true",
                            "availability_zone": "us-east-1a",
                            "credit_specification.#": "1",
                            "credit_specification.0.cpu_credits": "standard",
                            "disable_api_termination": "false",
                            "ebs_block_device.#": "0",
                            "ebs_optimized": "false",
                            "ephemeral_block_device.#": "0",
                            "get_password_data": "false",
                            "iam_instance_profile": "s3_access",
                            "id": "i-049ba23bbd7935c64",
                            "instance_state": "running",
                            "instance_type": "t2.micro",
                            "ipv6_addresses.#": "0",
                            "key_name": "kkummari",
                            "monitoring": "false",
                            "network_interface.#": "0",
                            "network_interface_id": "eni-0c91d4e5bf43fb6c8",
                            "password_data": "",
                            "placement_group": "",
                            "primary_network_interface_id": "eni-0c91d4e5bf43fb6c8",
                            "private_dns": "ip-10-0-1-72.ec2.internal",
                            "private_ip": "10.0.1.72",
                            "public_dns": "ec2-34-227-17-137.compute-1.amazonaws.com",
                            "public_ip": "34.227.17.137",
                            "root_block_device.#": "1",
                            "root_block_device.0.delete_on_termination": "true",
                            "root_block_device.0.iops": "100",
                            "root_block_device.0.volume_id": "vol-078354c1da43f9f6a",
                            "root_block_device.0.volume_size": "8",
                            "root_block_device.0.volume_type": "gp2",
                            "security_groups.#": "0",
                            "source_dest_check": "true",
                            "subnet_id": "subnet-000331c6b258763a9",
                            "tags.%": "1",
                            "tags.Name": "wp_dev",
                            "tenancy": "default",
                            "volume_tags.%": "0",
                            "vpc_security_group_ids.#": "1",
                            "vpc_security_group_ids.2855738198": "sg-08fc4c25323e82c11"
                        },
                        "meta": {
                            "e2bfb730-ecaa-11e6-8f88-34363bc7c4c0": {
                                "create": 600000000000,
                                "delete": 1200000000000,
                                "update": 600000000000
                            },
                            "schema_version": "1"
                        },
                        "tainted": false
                    },
                    "deposed": [],
                    "provider": "provider.aws"
                },
                "aws_internet_gateway.wp_internet_gateway": {
                    "type": "aws_internet_gateway",
                    "depends_on": [
                        "aws_vpc.wp_vpc"
                    ],
                    "primary": {
                        "id": "igw-062ea58c6037b6fc2",
                        "attributes": {
                            "id": "igw-062ea58c6037b6fc2",
                            "tags.%": "1",
                            "tags.Name": "wp_igw",
                            "vpc_id": "vpc-08582e8f0b97c8138"
                        },
                        "meta": {},
                        "tainted": false
                    },
                    "deposed": [],
                    "provider": "provider.aws"
                },
                "aws_key_pair.wp_auth": {
                    "type": "aws_key_pair",
                    "depends_on": [],
                    "primary": {
                        "id": "kkummari",
                        "attributes": {
                            "id": "kkummari",
                            "key_name": "kkummari",
                            "public_key": "ssh-rsa AAAAB3NzaC1yc2EAAAADAQABAAABAQCo8nIeBD+1DyDjY64jCxuF7WJlPCghBu4Kq5L8NqnTbAFiumGkcEiIOSPIvFgh4lbULRe15mVCIeDREFDTV+fDlUFDypLS6R+AD45dlPgwXk3zkKa38u58A8bZ/3clP+Vh4yib51wmdcu8AdEN19WMM6vhj/jB2WaK20dhe4JF4E3U09xFAXAgPYUKG3Z8eErDCTEY4ivmhK0klkRQ9kUKkvQSs44KIdDRi2DEa2iXJUWyYVBDhyazJ6K8QvUhefmwGhX1rapwqC5VIoWOveutTh/aXHLCsPdis8L1f9LoPnHBLLScZnufrZmK6oN9SnLzkH5zgmePMQAmR/NLK4XJ root@ip-172-31-94-110"
                        },
                        "meta": {
                            "schema_version": "1"
                        },
                        "tainted": false
                    },
                    "deposed": [],
                    "provider": "provider.aws"
                },
                "aws_launch_configuration.wp_lc": {
                    "type": "aws_launch_configuration",
                    "depends_on": [
                        "aws_ami_from_instance.wp_golden",
                        "aws_iam_instance_profile.s3_access_profile",
                        "aws_key_pair.wp_auth",
                        "aws_security_group.wp_private_sg"
                    ],
                    "primary": {
                        "id": "wp_lc-20180718194926936800000004",
                        "attributes": {
                            "associate_public_ip_address": "false",
                            "ebs_block_device.#": "0",
                            "ebs_optimized": "false",
                            "enable_monitoring": "true",
                            "ephemeral_block_device.#": "0",
                            "iam_instance_profile": "s3_access",
                            "id": "wp_lc-20180718194926936800000004",
                            "image_id": "ami-0d419cf048a5af944",
                            "instance_type": "t2.micro",
                            "key_name": "kkummari",
                            "name": "wp_lc-20180718194926936800000004",
                            "name_prefix": "wp_lc-",
                            "root_block_device.#": "0",
                            "security_groups.#": "1",
                            "security_groups.3799545354": "sg-0a7ad4b3694e03557",
                            "spot_price": "",
                            "user_data": "d1b69241c3f4e9caf6f99c48280908905edd6d46",
                            "vpc_classic_link_id": "",
                            "vpc_classic_link_security_groups.#": "0"
                        },
                        "meta": {},
                        "tainted": false
                    },
                    "deposed": [],
                    "provider": "provider.aws"
                },
                "aws_route53_record.db": {
                    "type": "aws_route53_record",
                    "depends_on": [
                        "aws_db_instance.wp_db",
                        "aws_route53_zone.secondary"
                    ],
                    "primary": {
                        "id": "Z3FOOZJ29CHLLQ_db.cloudcicd.org_CNAME",
                        "attributes": {
                            "allow_overwrite": "true",
                            "fqdn": "db.cloudcicd.org",
                            "id": "Z3FOOZJ29CHLLQ_db.cloudcicd.org_CNAME",
                            "name": "db.cloudcicd.org",
                            "records.#": "1",
                            "records.237357756": "terraform-20180718194304235000000003.ccog9dntthgl.us-east-1.rds.amazonaws.com",
                            "ttl": "300",
                            "type": "CNAME",
                            "zone_id": "Z3FOOZJ29CHLLQ"
                        },
                        "meta": {
                            "schema_version": "2"
                        },
                        "tainted": false
                    },
                    "deposed": [],
                    "provider": "provider.aws"
                },
                "aws_route53_record.dev": {
                    "type": "aws_route53_record",
                    "depends_on": [
                        "aws_instance.wp_dev",
                        "aws_route53_zone.primary"
                    ],
                    "primary": {
                        "id": "Z3UZILSIG2E0LT_dev.cloudcicd.org_A",
                        "attributes": {
                            "allow_overwrite": "true",
                            "fqdn": "dev.cloudcicd.org",
                            "id": "Z3UZILSIG2E0LT_dev.cloudcicd.org_A",
                            "name": "dev.cloudcicd.org",
                            "records.#": "1",
                            "records.4294765366": "34.227.17.137",
                            "ttl": "300",
                            "type": "A",
                            "zone_id": "Z3UZILSIG2E0LT"
                        },
                        "meta": {
                            "schema_version": "2"
                        },
                        "tainted": false
                    },
                    "deposed": [],
                    "provider": "provider.aws"
                },
                "aws_route53_record.www": {
                    "type": "aws_route53_record",
                    "depends_on": [
                        "aws_elb.wp_elb",
                        "aws_route53_zone.primary"
                    ],
                    "primary": {
                        "id": "Z3UZILSIG2E0LT_www.cloudcicd.org_A",
                        "attributes": {
                            "alias.#": "1",
                            "alias.806511107.evaluate_target_health": "false",
                            "alias.806511107.name": "cloudcicd-elb-155076144.us-east-1.elb.amazonaws.com",
                            "alias.806511107.zone_id": "Z35SXDOTRQ7X7K",
                            "allow_overwrite": "true",
                            "fqdn": "www.cloudcicd.org",
                            "id": "Z3UZILSIG2E0LT_www.cloudcicd.org_A",
                            "name": "www.cloudcicd.org",
                            "type": "A",
                            "zone_id": "Z3UZILSIG2E0LT"
                        },
                        "meta": {
                            "schema_version": "2"
                        },
                        "tainted": false
                    },
                    "deposed": [],
                    "provider": "provider.aws"
                },
                "aws_route53_zone.primary": {
                    "type": "aws_route53_zone",
                    "depends_on": [],
                    "primary": {
                        "id": "Z3UZILSIG2E0LT",
                        "attributes": {
                            "comment": "Managed by Terraform",
                            "delegation_set_id": "N1AIB4VHC2M4JF",
                            "force_destroy": "false",
                            "id": "Z3UZILSIG2E0LT",
                            "name": "cloudcicd.org",
                            "name_servers.#": "4",
                            "name_servers.0": "ns-1262.awsdns-29.org",
                            "name_servers.1": "ns-1555.awsdns-02.co.uk",
                            "name_servers.2": "ns-178.awsdns-22.com",
                            "name_servers.3": "ns-670.awsdns-19.net",
                            "tags.%": "0",
                            "zone_id": "Z3UZILSIG2E0LT"
                        },
                        "meta": {},
                        "tainted": false
                    },
                    "deposed": [],
                    "provider": "provider.aws"
                },
                "aws_route53_zone.secondary": {
                    "type": "aws_route53_zone",
                    "depends_on": [
                        "aws_vpc.wp_vpc"
                    ],
                    "primary": {
                        "id": "Z3FOOZJ29CHLLQ",
                        "attributes": {
                            "comment": "Managed by Terraform",
                            "force_destroy": "false",
                            "id": "Z3FOOZJ29CHLLQ",
                            "name": "cloudcicd.org",
                            "name_servers.#": "4",
                            "name_servers.0": "ns-0.awsdns-00.com.",
                            "name_servers.1": "ns-1024.awsdns-00.org.",
                            "name_servers.2": "ns-1536.awsdns-00.co.uk.",
                            "name_servers.3": "ns-512.awsdns-00.net.",
                            "tags.%": "0",
                            "vpc_id": "vpc-08582e8f0b97c8138",
                            "vpc_region": "us-east-1",
                            "zone_id": "Z3FOOZJ29CHLLQ"
                        },
                        "meta": {},
                        "tainted": false
                    },
                    "deposed": [],
                    "provider": "provider.aws"
                },
                "aws_route_table.wp_public_rt": {
                    "type": "aws_route_table",
                    "depends_on": [
                        "aws_internet_gateway.wp_internet_gateway",
                        "aws_vpc.wp_vpc"
                    ],
                    "primary": {
                        "id": "rtb-09718b0caf520b214",
                        "attributes": {
                            "id": "rtb-09718b0caf520b214",
                            "propagating_vgws.#": "0",
                            "route.#": "1",
                            "route.4054773772.cidr_block": "0.0.0.0/0",
                            "route.4054773772.egress_only_gateway_id": "",
                            "route.4054773772.gateway_id": "igw-062ea58c6037b6fc2",
                            "route.4054773772.instance_id": "",
                            "route.4054773772.ipv6_cidr_block": "",
                            "route.4054773772.nat_gateway_id": "",
                            "route.4054773772.network_interface_id": "",
                            "route.4054773772.vpc_peering_connection_id": "",
                            "tags.%": "1",
                            "tags.Name": "wp_public",
                            "vpc_id": "vpc-08582e8f0b97c8138"
                        },
                        "meta": {},
                        "tainted": false
                    },
                    "deposed": [],
                    "provider": "provider.aws"
                },
                "aws_route_table_association.wp_private1_assoc": {
                    "type": "aws_route_table_association",
                    "depends_on": [
                        "aws_default_route_table.wp_private_rt",
                        "aws_subnet.wp_private1_subnet"
                    ],
                    "primary": {
                        "id": "rtbassoc-0b780c51d4094ee6a",
                        "attributes": {
                            "id": "rtbassoc-0b780c51d4094ee6a",
                            "route_table_id": "rtb-0e2fc540812bc2176",
                            "subnet_id": "subnet-0c4fd0ae0da27eac9"
                        },
                        "meta": {},
                        "tainted": false
                    },
                    "deposed": [],
                    "provider": "provider.aws"
                },
                "aws_route_table_association.wp_private2_assoc": {
                    "type": "aws_route_table_association",
                    "depends_on": [
                        "aws_default_route_table.wp_private_rt",
                        "aws_subnet.wp_private2_subnet"
                    ],
                    "primary": {
                        "id": "rtbassoc-0007edd2a3a6e2025",
                        "attributes": {
                            "id": "rtbassoc-0007edd2a3a6e2025",
                            "route_table_id": "rtb-0e2fc540812bc2176",
                            "subnet_id": "subnet-065b7203e1be8e1ab"
                        },
                        "meta": {},
                        "tainted": false
                    },
                    "deposed": [],
                    "provider": "provider.aws"
                },
                "aws_route_table_association.wp_public1_assoc": {
                    "type": "aws_route_table_association",
                    "depends_on": [
                        "aws_route_table.wp_public_rt",
                        "aws_subnet.wp_public1_subnet"
                    ],
                    "primary": {
                        "id": "rtbassoc-0ffcfecf0ea4858e1",
                        "attributes": {
                            "id": "rtbassoc-0ffcfecf0ea4858e1",
                            "route_table_id": "rtb-09718b0caf520b214",
                            "subnet_id": "subnet-000331c6b258763a9"
                        },
                        "meta": {},
                        "tainted": false
                    },
                    "deposed": [],
                    "provider": "provider.aws"
                },
                "aws_route_table_association.wp_public2_assoc": {
                    "type": "aws_route_table_association",
                    "depends_on": [
                        "aws_route_table.wp_public_rt",
                        "aws_subnet.wp_public2_subnet"
                    ],
                    "primary": {
                        "id": "rtbassoc-099bd2a53da601b47",
                        "attributes": {
                            "id": "rtbassoc-099bd2a53da601b47",
                            "route_table_id": "rtb-09718b0caf520b214",
                            "subnet_id": "subnet-00eb8d649a029a50a"
                        },
                        "meta": {},
                        "tainted": false
                    },
                    "deposed": [],
                    "provider": "provider.aws"
                },
                "aws_s3_bucket.code": {
                    "type": "aws_s3_bucket",
                    "depends_on": [
                        "random_id.wp_code_bucket"
                    ],
                    "primary": {
                        "id": "cloudcicd-19040",
                        "attributes": {
                            "acceleration_status": "",
                            "acl": "private",
                            "arn": "arn:aws:s3:::cloudcicd-19040",
                            "bucket": "cloudcicd-19040",
                            "bucket_domain_name": "cloudcicd-19040.s3.amazonaws.com",
                            "bucket_regional_domain_name": "cloudcicd-19040.s3.amazonaws.com",
                            "cors_rule.#": "0",
                            "force_destroy": "true",
                            "hosted_zone_id": "Z3AQBSTGFYJSTF",
                            "id": "cloudcicd-19040",
                            "logging.#": "0",
                            "region": "us-east-1",
                            "replication_configuration.#": "0",
                            "request_payer": "BucketOwner",
                            "server_side_encryption_configuration.#": "0",
                            "tags.%": "1",
                            "tags.Name": "code bucket",
                            "versioning.#": "1",
                            "versioning.0.enabled": "false",
                            "versioning.0.mfa_delete": "false",
                            "website.#": "0"
                        },
                        "meta": {},
                        "tainted": false
                    },
                    "deposed": [],
                    "provider": "provider.aws"
                },
                "aws_security_group.wp_dev_sg": {
                    "type": "aws_security_group",
                    "depends_on": [
                        "aws_vpc.wp_vpc"
                    ],
                    "primary": {
                        "id": "sg-08fc4c25323e82c11",
                        "attributes": {
                            "arn": "arn:aws:ec2:us-east-1:126211257110:security-group/sg-08fc4c25323e82c11",
                            "description": "Used for access to the dev instance",
                            "egress.#": "1",
                            "egress.482069346.cidr_blocks.#": "1",
                            "egress.482069346.cidr_blocks.0": "0.0.0.0/0",
                            "egress.482069346.description": "",
                            "egress.482069346.from_port": "0",
                            "egress.482069346.ipv6_cidr_blocks.#": "0",
                            "egress.482069346.prefix_list_ids.#": "0",
                            "egress.482069346.protocol": "-1",
                            "egress.482069346.security_groups.#": "0",
                            "egress.482069346.self": "false",
                            "egress.482069346.to_port": "0",
                            "id": "sg-08fc4c25323e82c11",
                            "ingress.#": "2",
                            "ingress.2267965518.cidr_blocks.#": "1",
                            "ingress.2267965518.cidr_blocks.0": "18.206.162.9/32",
                            "ingress.2267965518.description": "",
                            "ingress.2267965518.from_port": "80",
                            "ingress.2267965518.ipv6_cidr_blocks.#": "0",
                            "ingress.2267965518.protocol": "tcp",
                            "ingress.2267965518.security_groups.#": "0",
                            "ingress.2267965518.self": "false",
                            "ingress.2267965518.to_port": "80",
                            "ingress.713559421.cidr_blocks.#": "1",
                            "ingress.713559421.cidr_blocks.0": "18.206.162.9/32",
                            "ingress.713559421.description": "",
                            "ingress.713559421.from_port": "22",
                            "ingress.713559421.ipv6_cidr_blocks.#": "0",
                            "ingress.713559421.protocol": "tcp",
                            "ingress.713559421.security_groups.#": "0",
                            "ingress.713559421.self": "false",
                            "ingress.713559421.to_port": "22",
                            "name": "wp_dev_sg",
                            "owner_id": "126211257110",
                            "revoke_rules_on_delete": "false",
                            "tags.%": "0",
                            "vpc_id": "vpc-08582e8f0b97c8138"
                        },
                        "meta": {
                            "e2bfb730-ecaa-11e6-8f88-34363bc7c4c0": {
                                "create": 600000000000,
                                "delete": 600000000000
                            },
                            "schema_version": "1"
                        },
                        "tainted": false
                    },
                    "deposed": [],
                    "provider": "provider.aws"
                },
                "aws_security_group.wp_private_sg": {
                    "type": "aws_security_group",
                    "depends_on": [
                        "aws_vpc.wp_vpc"
                    ],
                    "primary": {
                        "id": "sg-0a7ad4b3694e03557",
                        "attributes": {
                            "arn": "arn:aws:ec2:us-east-1:126211257110:security-group/sg-0a7ad4b3694e03557",
                            "description": "Used for private instances",
                            "egress.#": "1",
                            "egress.482069346.cidr_blocks.#": "1",
                            "egress.482069346.cidr_blocks.0": "0.0.0.0/0",
                            "egress.482069346.description": "",
                            "egress.482069346.from_port": "0",
                            "egress.482069346.ipv6_cidr_blocks.#": "0",
                            "egress.482069346.prefix_list_ids.#": "0",
                            "egress.482069346.protocol": "-1",
                            "egress.482069346.security_groups.#": "0",
                            "egress.482069346.self": "false",
                            "egress.482069346.to_port": "0",
                            "id": "sg-0a7ad4b3694e03557",
                            "ingress.#": "1",
                            "ingress.1960698028.cidr_blocks.#": "1",
                            "ingress.1960698028.cidr_blocks.0": "10.0.0.0/16",
                            "ingress.1960698028.description": "",
                            "ingress.1960698028.from_port": "0",
                            "ingress.1960698028.ipv6_cidr_blocks.#": "0",
                            "ingress.1960698028.protocol": "-1",
                            "ingress.1960698028.security_groups.#": "0",
                            "ingress.1960698028.self": "false",
                            "ingress.1960698028.to_port": "0",
                            "name": "wp_private_sg",
                            "owner_id": "126211257110",
                            "revoke_rules_on_delete": "false",
                            "tags.%": "0",
                            "vpc_id": "vpc-08582e8f0b97c8138"
                        },
                        "meta": {
                            "e2bfb730-ecaa-11e6-8f88-34363bc7c4c0": {
                                "create": 600000000000,
                                "delete": 600000000000
                            },
                            "schema_version": "1"
                        },
                        "tainted": false
                    },
                    "deposed": [],
                    "provider": "provider.aws"
                },
                "aws_security_group.wp_public_sg": {
                    "type": "aws_security_group",
                    "depends_on": [
                        "aws_vpc.wp_vpc"
                    ],
                    "primary": {
                        "id": "sg-050aad8a4878fccdc",
                        "attributes": {
                            "arn": "arn:aws:ec2:us-east-1:126211257110:security-group/sg-050aad8a4878fccdc",
                            "description": "Used for public and private instances for load balancer access",
                            "egress.#": "1",
                            "egress.482069346.cidr_blocks.#": "1",
                            "egress.482069346.cidr_blocks.0": "0.0.0.0/0",
                            "egress.482069346.description": "",
                            "egress.482069346.from_port": "0",
                            "egress.482069346.ipv6_cidr_blocks.#": "0",
                            "egress.482069346.prefix_list_ids.#": "0",
                            "egress.482069346.protocol": "-1",
                            "egress.482069346.security_groups.#": "0",
                            "egress.482069346.self": "false",
                            "egress.482069346.to_port": "0",
                            "id": "sg-050aad8a4878fccdc",
                            "ingress.#": "1",
                            "ingress.2214680975.cidr_blocks.#": "1",
                            "ingress.2214680975.cidr_blocks.0": "0.0.0.0/0",
                            "ingress.2214680975.description": "",
                            "ingress.2214680975.from_port": "80",
                            "ingress.2214680975.ipv6_cidr_blocks.#": "0",
                            "ingress.2214680975.protocol": "tcp",
                            "ingress.2214680975.security_groups.#": "0",
                            "ingress.2214680975.self": "false",
                            "ingress.2214680975.to_port": "80",
                            "name": "wp_public_sg",
                            "owner_id": "126211257110",
                            "revoke_rules_on_delete": "false",
                            "tags.%": "0",
                            "vpc_id": "vpc-08582e8f0b97c8138"
                        },
                        "meta": {
                            "e2bfb730-ecaa-11e6-8f88-34363bc7c4c0": {
                                "create": 600000000000,
                                "delete": 600000000000
                            },
                            "schema_version": "1"
                        },
                        "tainted": false
                    },
                    "deposed": [],
                    "provider": "provider.aws"
                },
                "aws_security_group.wp_rds_sg": {
                    "type": "aws_security_group",
                    "depends_on": [
                        "aws_security_group.wp_dev_sg",
                        "aws_security_group.wp_private_sg",
                        "aws_security_group.wp_public_sg",
                        "aws_vpc.wp_vpc"
                    ],
                    "primary": {
                        "id": "sg-0e30725b457141aac",
                        "attributes": {
                            "arn": "arn:aws:ec2:us-east-1:126211257110:security-group/sg-0e30725b457141aac",
                            "description": "Used for DB instances",
                            "egress.#": "0",
                            "id": "sg-0e30725b457141aac",
                            "ingress.#": "1",
                            "ingress.363017594.cidr_blocks.#": "0",
                            "ingress.363017594.description": "",
                            "ingress.363017594.from_port": "3306",
                            "ingress.363017594.ipv6_cidr_blocks.#": "0",
                            "ingress.363017594.protocol": "tcp",
                            "ingress.363017594.security_groups.#": "3",
                            "ingress.363017594.security_groups.2855738198": "sg-08fc4c25323e82c11",
                            "ingress.363017594.security_groups.3688394918": "sg-050aad8a4878fccdc",
                            "ingress.363017594.security_groups.3799545354": "sg-0a7ad4b3694e03557",
                            "ingress.363017594.self": "false",
                            "ingress.363017594.to_port": "3306",
                            "name": "wp_rds_sg",
                            "owner_id": "126211257110",
                            "revoke_rules_on_delete": "false",
                            "tags.%": "0",
                            "vpc_id": "vpc-08582e8f0b97c8138"
                        },
                        "meta": {
                            "e2bfb730-ecaa-11e6-8f88-34363bc7c4c0": {
                                "create": 600000000000,
                                "delete": 600000000000
                            },
                            "schema_version": "1"
                        },
                        "tainted": false
                    },
                    "deposed": [],
                    "provider": "provider.aws"
                },
                "aws_subnet.wp_private1_subnet": {
                    "type": "aws_subnet",
                    "depends_on": [
                        "aws_vpc.wp_vpc",
                        "data.aws_availability_zones.available"
                    ],
                    "primary": {
                        "id": "subnet-0c4fd0ae0da27eac9",
                        "attributes": {
                            "assign_ipv6_address_on_creation": "false",
                            "availability_zone": "us-east-1a",
                            "cidr_block": "10.0.3.0/24",
                            "id": "subnet-0c4fd0ae0da27eac9",
                            "map_public_ip_on_launch": "false",
                            "tags.%": "1",
                            "tags.Name": "wp_private1",
                            "vpc_id": "vpc-08582e8f0b97c8138"
                        },
                        "meta": {
                            "schema_version": "1"
                        },
                        "tainted": false
                    },
                    "deposed": [],
                    "provider": "provider.aws"
                },
                "aws_subnet.wp_private2_subnet": {
                    "type": "aws_subnet",
                    "depends_on": [
                        "aws_vpc.wp_vpc",
                        "data.aws_availability_zones.available"
                    ],
                    "primary": {
                        "id": "subnet-065b7203e1be8e1ab",
                        "attributes": {
                            "assign_ipv6_address_on_creation": "false",
                            "availability_zone": "us-east-1b",
                            "cidr_block": "10.0.4.0/24",
                            "id": "subnet-065b7203e1be8e1ab",
                            "map_public_ip_on_launch": "false",
                            "tags.%": "1",
                            "tags.Name": "wp_private2",
                            "vpc_id": "vpc-08582e8f0b97c8138"
                        },
                        "meta": {
                            "schema_version": "1"
                        },
                        "tainted": false
                    },
                    "deposed": [],
                    "provider": "provider.aws"
                },
                "aws_subnet.wp_public1_subnet": {
                    "type": "aws_subnet",
                    "depends_on": [
                        "aws_vpc.wp_vpc",
                        "data.aws_availability_zones.available"
                    ],
                    "primary": {
                        "id": "subnet-000331c6b258763a9",
                        "attributes": {
                            "assign_ipv6_address_on_creation": "false",
                            "availability_zone": "us-east-1a",
                            "cidr_block": "10.0.1.0/24",
                            "id": "subnet-000331c6b258763a9",
                            "map_public_ip_on_launch": "true",
                            "tags.%": "1",
                            "tags.Name": "wp_public1",
                            "vpc_id": "vpc-08582e8f0b97c8138"
                        },
                        "meta": {
                            "schema_version": "1"
                        },
                        "tainted": false
                    },
                    "deposed": [],
                    "provider": "provider.aws"
                },
                "aws_subnet.wp_public2_subnet": {
                    "type": "aws_subnet",
                    "depends_on": [
                        "aws_vpc.wp_vpc",
                        "data.aws_availability_zones.available"
                    ],
                    "primary": {
                        "id": "subnet-00eb8d649a029a50a",
                        "attributes": {
                            "assign_ipv6_address_on_creation": "false",
                            "availability_zone": "us-east-1b",
                            "cidr_block": "10.0.2.0/24",
                            "id": "subnet-00eb8d649a029a50a",
                            "map_public_ip_on_launch": "true",
                            "tags.%": "1",
                            "tags.Name": "wp_public2",
                            "vpc_id": "vpc-08582e8f0b97c8138"
                        },
                        "meta": {
                            "schema_version": "1"
                        },
                        "tainted": false
                    },
                    "deposed": [],
                    "provider": "provider.aws"
                },
                "aws_subnet.wp_rds1_subnet": {
                    "type": "aws_subnet",
                    "depends_on": [
                        "aws_vpc.wp_vpc",
                        "data.aws_availability_zones.available"
                    ],
                    "primary": {
                        "id": "subnet-0b7651eca55e62e46",
                        "attributes": {
                            "assign_ipv6_address_on_creation": "false",
                            "availability_zone": "us-east-1a",
                            "cidr_block": "10.0.5.0/24",
                            "id": "subnet-0b7651eca55e62e46",
                            "map_public_ip_on_launch": "false",
                            "tags.%": "1",
                            "tags.Name": "wp_rds1",
                            "vpc_id": "vpc-08582e8f0b97c8138"
                        },
                        "meta": {
                            "schema_version": "1"
                        },
                        "tainted": false
                    },
                    "deposed": [],
                    "provider": "provider.aws"
                },
                "aws_subnet.wp_rds2_subnet": {
                    "type": "aws_subnet",
                    "depends_on": [
                        "aws_vpc.wp_vpc",
                        "data.aws_availability_zones.available"
                    ],
                    "primary": {
                        "id": "subnet-0fcbf626a32fe2c0e",
                        "attributes": {
                            "assign_ipv6_address_on_creation": "false",
                            "availability_zone": "us-east-1b",
                            "cidr_block": "10.0.6.0/24",
                            "id": "subnet-0fcbf626a32fe2c0e",
                            "map_public_ip_on_launch": "false",
                            "tags.%": "1",
                            "tags.Name": "wp_rds2",
                            "vpc_id": "vpc-08582e8f0b97c8138"
                        },
                        "meta": {
                            "schema_version": "1"
                        },
                        "tainted": false
                    },
                    "deposed": [],
                    "provider": "provider.aws"
                },
                "aws_subnet.wp_rds3_subnet": {
                    "type": "aws_subnet",
                    "depends_on": [
                        "aws_vpc.wp_vpc",
                        "data.aws_availability_zones.available"
                    ],
                    "primary": {
                        "id": "subnet-0978a31f0816718a1",
                        "attributes": {
                            "assign_ipv6_address_on_creation": "false",
                            "availability_zone": "us-east-1c",
                            "cidr_block": "10.0.7.0/24",
                            "id": "subnet-0978a31f0816718a1",
                            "map_public_ip_on_launch": "false",
                            "tags.%": "1",
                            "tags.Name": "wp_rds3",
                            "vpc_id": "vpc-08582e8f0b97c8138"
                        },
                        "meta": {
                            "schema_version": "1"
                        },
                        "tainted": false
                    },
                    "deposed": [],
                    "provider": "provider.aws"
                },
                "aws_vpc.wp_vpc": {
                    "type": "aws_vpc",
                    "depends_on": [],
                    "primary": {
                        "id": "vpc-08582e8f0b97c8138",
                        "attributes": {
                            "assign_generated_ipv6_cidr_block": "false",
                            "cidr_block": "10.0.0.0/16",
                            "default_network_acl_id": "acl-001489b4de3453f88",
                            "default_route_table_id": "rtb-0e2fc540812bc2176",
                            "default_security_group_id": "sg-00c6c40738bba57f4",
                            "dhcp_options_id": "dopt-c13ea7ba",
                            "enable_classiclink": "false",
                            "enable_classiclink_dns_support": "false",
                            "enable_dns_hostnames": "true",
                            "enable_dns_support": "true",
                            "id": "vpc-08582e8f0b97c8138",
                            "instance_tenancy": "default",
                            "main_route_table_id": "rtb-0e2fc540812bc2176",
                            "tags.%": "1",
                            "tags.Name": "wp_vpc"
                        },
                        "meta": {
                            "schema_version": "1"
                        },
                        "tainted": false
                    },
                    "deposed": [],
                    "provider": "provider.aws"
                },
                "aws_vpc_endpoint.wp_private-s3_endpoint": {
                    "type": "aws_vpc_endpoint",
                    "depends_on": [
                        "aws_route_table.wp_public_rt",
                        "aws_vpc.wp_vpc"
                    ],
                    "primary": {
                        "id": "vpce-0ca2b33092f87925a",
                        "attributes": {
                            "cidr_blocks.#": "2",
                            "cidr_blocks.0": "54.231.0.0/17",
                            "cidr_blocks.1": "52.216.0.0/15",
                            "dns_entry.#": "0",
                            "id": "vpce-0ca2b33092f87925a",
                            "network_interface_ids.#": "0",
                            "policy": "{\"Statement\":[{\"Action\":\"*\",\"Effect\":\"Allow\",\"Principal\":\"*\",\"Resource\":\"*\"}],\"Version\":\"2008-10-17\"}",
                            "prefix_list_id": "pl-63a5400a",
                            "private_dns_enabled": "false",
                            "route_table_ids.#": "2",
                            "route_table_ids.1077553937": "rtb-0e2fc540812bc2176",
                            "route_table_ids.1556964146": "rtb-09718b0caf520b214",
                            "security_group_ids.#": "0",
                            "service_name": "com.amazonaws.us-east-1.s3",
                            "state": "available",
                            "subnet_ids.#": "0",
                            "vpc_endpoint_type": "Gateway",
                            "vpc_id": "vpc-08582e8f0b97c8138"
                        },
                        "meta": {},
                        "tainted": false
                    },
                    "deposed": [],
                    "provider": "provider.aws"
                },
                "data.aws_availability_zones.available": {
                    "type": "aws_availability_zones",
                    "depends_on": [],
                    "primary": {
                        "id": "2018-07-18 19:42:55.935559767 +0000 UTC",
                        "attributes": {
                            "id": "2018-07-18 19:42:55.935559767 +0000 UTC",
                            "names.#": "6",
                            "names.0": "us-east-1a",
                            "names.1": "us-east-1b",
                            "names.2": "us-east-1c",
                            "names.3": "us-east-1d",
                            "names.4": "us-east-1e",
                            "names.5": "us-east-1f"
                        },
                        "meta": {},
                        "tainted": false
                    },
                    "deposed": [],
                    "provider": "provider.aws"
                },
                "random_id.golden_ami": {
                    "type": "random_id",
                    "depends_on": [],
                    "primary": {
                        "id": "Ps1b-Ebs3WA",
                        "attributes": {
                            "b64": "Ps1b-Ebs3WA",
                            "b64_std": "Ps1b+Ebs3WA=",
                            "b64_url": "Ps1b-Ebs3WA",
                            "byte_length": "8",
                            "dec": "4525374322477161824",
                            "hex": "3ecd5bf846ecdd60",
                            "id": "Ps1b-Ebs3WA"
                        },
                        "meta": {},
                        "tainted": false
                    },
                    "deposed": [],
                    "provider": "provider.random"
                },
                "random_id.wp_code_bucket": {
                    "type": "random_id",
                    "depends_on": [],
                    "primary": {
                        "id": "SmA",
                        "attributes": {
                            "b64": "SmA",
                            "b64_std": "SmA=",
                            "b64_url": "SmA",
                            "byte_length": "2",
                            "dec": "19040",
                            "hex": "4a60",
                            "id": "SmA"
                        },
                        "meta": {},
                        "tainted": false
                    },
                    "deposed": [],
                    "provider": "provider.random"
                }
            },
            "depends_on": []
        }
    ]
}
